{
  "name": "@worldofunreal/id",
  "version": "1.0.2",
  "lockfileVersion": 3,
  "requires": true,
  "packages": {
    "": {
      "name": "@worldofunreal/id",
      "version": "1.0.2",
      "license": "MIT",
      "dependencies": {
        "@dfinity/auth-client": "^3.4.3"
      },
      "devDependencies": {
        "@types/node": "^22.0.0",
        "typescript": "^5.7.0"
      }
    },
    "node_modules/@dfinity/agent": {
      "version": "3.4.3",
      "resolved": "https://registry.npmjs.org/@dfinity/agent/-/agent-3.4.3.tgz",
      "integrity": "sha512-qOJqvZdMzncbbYX3eUjlAqvP66DQuOQgBFQE06yzI3m/lVXnefxvY7wE9Y1Sb2wjVIQs6W2rfjixnn4EEjHAZg==",
      "deprecated": "This package has been deprecated. Use @icp-sdk/core/agent instead. Migration guide: https://js.icp.build/core/latest/upgrading/v5",
      "license": "Apache-2.0",
      "peer": true,
      "dependencies": {
        "@dfinity/cbor": "^0.2.2",
        "@noble/curves": "^1.9.2"
      },
      "peerDependencies": {
        "@dfinity/candid": "3.4.3",
        "@dfinity/principal": "3.4.3",
        "@noble/hashes": "^1.8.0"
      }
    },
    "node_modules/@dfinity/auth-client": {
      "version": "3.4.3",
      "resolved": "https://registry.npmjs.org/@dfinity/auth-client/-/auth-client-3.4.3.tgz",
      "integrity": "sha512-E2jIjlZa2eKFxdZWU8MbicfuX4fms0tJwBB8qDfm/OKn7q/h5NX02vGL3E6qiKvi9aOKNeQFQg+iUNulpKLjyw==",
      "deprecated": "This package has been deprecated. Its functionality is now part of `@icp-sdk/auth` (https://js.icp.build/auth), under the `client` submodule.",
      "license": "Apache-2.0",
      "dependencies": {
        "idb": "^7.0.2"
      },
      "peerDependencies": {
        "@dfinity/agent": "3.4.3",
        "@dfinity/identity": "3.4.3",
        "@dfinity/principal": "3.4.3"
      }
    },
    "node_modules/@dfinity/candid": {
      "version": "3.4.3",
      "resolved": "https://registry.npmjs.org/@dfinity/candid/-/candid-3.4.3.tgz",
      "integrity": "sha512-M2MuNariyCZHvxT0IXvMWmg8jvG19EORDveoFm7PCIVXLgYfWSy0P59t6tQ24D72yRGu40CRLm85aqpt3cRvxw==",
      "deprecated": "This package has been deprecated. Use @icp-sdk/core/candid instead. Migration guide: https://js.icp.build/core/latest/upgrading/v5",
      "license": "Apache-2.0",
      "peer": true,
      "peerDependencies": {
        "@dfinity/principal": "3.4.3"
      }
    },
    "node_modules/@dfinity/cbor": {
      "version": "0.2.3",
      "resolved": "https://registry.npmjs.org/@dfinity/cbor/-/cbor-0.2.3.tgz",
      "integrity": "sha512-5GX+9tAf29r94Pxv8nCzrv2/t+AkOfem/c/G61+FA2Wadq7THvc5cvr/AVLH0LpukVfNSWRRHvl1fkCdiB9MMQ==",
      "license": "Apache-2.0",
      "peer": true
    },
    "node_modules/@dfinity/identity": {
      "version": "3.4.3",
      "resolved": "https://registry.npmjs.org/@dfinity/identity/-/identity-3.4.3.tgz",
      "integrity": "sha512-mAsdmlaZPe7UkPL8AKNq7801pYve3LWnXQLOq39Nu+pzAUWRnZcKO3Ao+xouym5VnQnBwO68BnSSvQ044bEyTA==",
      "deprecated": "This package has been deprecated. Use @icp-sdk/core/identity instead. Migration guide: https://js.icp.build/core/latest/upgrading/v5",
      "license": "Apache-2.0",
      "peer": true,
      "peerDependencies": {
        "@dfinity/agent": "3.4.3",
        "@dfinity/candid": "3.4.3",
        "@dfinity/principal": "3.4.3",
        "@noble/curves": "^1.9.2",
        "@noble/hashes": "^1.8.0"
      }
    },
    "node_modules/@dfinity/principal": {
      "version": "3.4.3",
      "resolved": "https://registry.npmjs.org/@dfinity/principal/-/principal-3.4.3.tgz",
      "integrity": "sha512-KTWIRqj/0clwsxcXnjgMVpnvxis6ji8vddRbBnYLsPjRFaVXHeBwVN1rziA1w3u7AtlP3kuovB4czd2F5ORxDw==",
      "deprecated": "This package has been deprecated. Use @icp-sdk/core/principal instead. Migration guide: https://js.icp.build/core/latest/upgrading/v5",
      "license": "Apache-2.0",
      "peer": true,
      "dependencies": {
        "@noble/hashes": "^1.8.0"
      }
    },
    "node_modules/@noble/curves": {
      "version": "1.9.7",
      "resolved": "https://registry.npmjs.org/@noble/curves/-/curves-1.9.7.tgz",
      "integrity": "sha512-gbKGcRUYIjA3/zCCNaWDciTMFI0dCkvou3TL8Zmy5Nc7sJ47a0jtOeZoTaMxkuqRo9cRhjOdZJXegxYE5FN/xw==",
      "license": "MIT",
      "peer": true,
      "dependencies": {
        "@noble/hashes": "1.8.0"
      },
      "engines": {
        "node": "^14.21.3 || >=16"
      },
      "funding": {
        "url": "https://paulmillr.com/funding/"
      }
    },
    "node_modules/@noble/hashes": {
      "version": "1.8.0",
      "resolved": "https://registry.npmjs.org/@noble/hashes/-/hashes-1.8.0.tgz",
      "integrity": "sha512-jCs9ldd7NwzpgXDIf6P3+NrHh9/sD6CQdxHyjQI+h/6rDNo88ypBxxz45UDuZHz9r3tNz7N/VInSVoVdtXEI4A==",
      "license": "MIT",
      "peer": true,
      "engines": {
        "node": "^14.21.3 || >=16"
      },
      "funding": {
        "url": "https://paulmillr.com/funding/"
      }
    },
    "node_modules/@types/node": {
      "version": "22.20.1",
      "resolved": "https://registry.npmjs.org/@types/node/-/node-22.20.1.tgz",
      "integrity": "sha512-EANqOCF9QFyra+4pfxUcX9STKJpCLjMbObVzljIJomAWSnuSIEAvyzEU53GaajbXJEgdh0iEcPL+DGvpUd4k1Q==",
      "dev": true,
      "license": "MIT",
      "dependencies": {
        "undici-types": "~6.21.0"
      }
    },
    "node_modules/idb": {
      "version": "7.1.1",
      "resolved": "https://registry.npmjs.org/idb/-/idb-7.1.1.tgz",
      "integrity": "sha512-gchesWBzyvGHRO9W8tzUWFDycow5gwjvFKfyV9FF32Y7F50yZMp7mP+T2mJIWFx49zicqyC4uefHM17o6xKIVQ==",
      "license": "ISC"
    },
    "node_modules/typescript": {
      "version": "5.9.3",
      "resolved": "https://registry.npmjs.org/typescript/-/typescript-5.9.3.tgz",
      "integrity": "sha512-jl1vZzPDinLr9eUt3J/t7V6FgNEw9QjvBPdysz9KfQDD41fQrC2Y4vKQdiaUpFT4bXlb1RHhLpp8wtm6M5TgSw==",
      "dev": true,
      "license": "Apache-2.0",
      "bin": {
        "tsc": "bin/tsc",
        "tsserver": "bin/tsserver"
      },
      "engines": {
        "node": ">=14.17"
      }
    },
    "node_modules/undici-types": {
      "version": "6.21.0",
      "resolved": "https://registry.npmjs.org/undici-types/-/undici-types-6.21.0.tgz",
      "integrity": "sha512-iwDZqg0QAGrg9Rav5H4n0M64c3mkR59cJ6wQp+7C4nI0gsmExaedaYLNO44eT4AtBBwjbTiGPMlt2Md0T9H9JQ==",
      "dev": true,
      "license": "MIT"
    }
  }
}
